
Microsoft Visual Studio Solution File, Format Version 12.00
# Visual Studio Version 17
VisualStudioVersion = 17.11.35222.181
MinimumVisualStudioVersion = 10.0.40219.1
Project("{FAE04EC0-301F-11D3-BF4B-00C04F79EFBC}") = "Proc_PodminenySoucet", "Proc_PodminenySoucet\Proc_PodminenySoucet.csproj", "{E402D5A0-AAE1-4DA6-8383-F65671AC0FAD}"
EndProject
Global
	GlobalSection(SolutionConfigurationPlatforms) = preSolution
		Debug|Any CPU = Debug|Any CPU
		Release|Any CPU = Release|Any CPU
	EndGlobalSection
	GlobalSection(ProjectConfigurationPlatforms) = postSolution
		{E402D5A0-AAE1-4DA6-8383-F65671AC0FAD}.Debug|Any CPU.ActiveCfg = Debug|Any CPU
		{E402D5A0-AAE1-4DA6-8383-F65671AC0FAD}.Debug|Any CPU.Build.0 = Debug|Any CPU
		{E402D5A0-AAE1-4DA6-8383-F65671AC0FAD}.Release|Any CPU.ActiveCfg = Release|Any CPU
		{E402D5A0-AAE1-4DA6-8383-F65671AC0FAD}.Release|Any CPU.Build.0 = Release|Any CPU
	EndGlobalSection
	GlobalSection(SolutionProperties) = preSolution
		HideSolutionNode = FALSE
	EndGlobalSection
	GlobalSection(ExtensibilityGlobals) = postSolution
		SolutionGuid = {2A48071A-3DCD-4AF8-B3FA-B9913F576449}
	EndGlobalSection
EndGlobal
