
Microsoft Visual Studio Solution File, Format Version 12.00
# Visual Studio Version 17
VisualStudioVersion = 17.11.35222.181
MinimumVisualStudioVersion = 10.0.40219.1
Project("{FAE04EC0-301F-11D3-BF4B-00C04F79EFBC}") = "Proc_KolikKbeliku", "Proc_KolikKbeliku\Proc_KolikKbeliku.csproj", "{4F31AF01-90BB-4966-91C7-31EB78B13187}"
EndProject
Global
	GlobalSection(SolutionConfigurationPlatforms) = preSolution
		Debug|Any CPU = Debug|Any CPU
		Release|Any CPU = Release|Any CPU
	EndGlobalSection
	GlobalSection(ProjectConfigurationPlatforms) = postSolution
		{4F31AF01-90BB-4966-91C7-31EB78B13187}.Debug|Any CPU.ActiveCfg = Debug|Any CPU
		{4F31AF01-90BB-4966-91C7-31EB78B13187}.Debug|Any CPU.Build.0 = Debug|Any CPU
		{4F31AF01-90BB-4966-91C7-31EB78B13187}.Release|Any CPU.ActiveCfg = Release|Any CPU
		{4F31AF01-90BB-4966-91C7-31EB78B13187}.Release|Any CPU.Build.0 = Release|Any CPU
	EndGlobalSection
	GlobalSection(SolutionProperties) = preSolution
		HideSolutionNode = FALSE
	EndGlobalSection
	GlobalSection(ExtensibilityGlobals) = postSolution
		SolutionGuid = {D4ADA3D8-2E9F-4297-842A-0BB68301861D}
	EndGlobalSection
EndGlobal
