
Microsoft Visual Studio Solution File, Format Version 12.00
# Visual Studio Version 17
VisualStudioVersion = 17.11.35222.181
MinimumVisualStudioVersion = 10.0.40219.1
Project("{FAE04EC0-301F-11D3-BF4B-00C04F79EFBC}") = "JSON_Uvod", "JSON_Uvod\JSON_Uvod.csproj", "{85C3B80B-5094-49D5-B312-72855AF7F3C6}"
EndProject
Global
	GlobalSection(SolutionConfigurationPlatforms) = preSolution
		Debug|Any CPU = Debug|Any CPU
		Release|Any CPU = Release|Any CPU
	EndGlobalSection
	GlobalSection(ProjectConfigurationPlatforms) = postSolution
		{85C3B80B-5094-49D5-B312-72855AF7F3C6}.Debug|Any CPU.ActiveCfg = Debug|Any CPU
		{85C3B80B-5094-49D5-B312-72855AF7F3C6}.Debug|Any CPU.Build.0 = Debug|Any CPU
		{85C3B80B-5094-49D5-B312-72855AF7F3C6}.Release|Any CPU.ActiveCfg = Release|Any CPU
		{85C3B80B-5094-49D5-B312-72855AF7F3C6}.Release|Any CPU.Build.0 = Release|Any CPU
	EndGlobalSection
	GlobalSection(SolutionProperties) = preSolution
		HideSolutionNode = FALSE
	EndGlobalSection
	GlobalSection(ExtensibilityGlobals) = postSolution
		SolutionGuid = {A0B5F3EB-2938-4202-84D2-FAF678961E3E}
	EndGlobalSection
EndGlobal
