
Microsoft Visual Studio Solution File, Format Version 12.00
# Visual Studio Version 17
VisualStudioVersion = 17.11.35222.181
MinimumVisualStudioVersion = 10.0.40219.1
Project("{FAE04EC0-301F-11D3-BF4B-00C04F79EFBC}") = "Proc_Pozdrav", "Proc_Pozdrav\Proc_Pozdrav.csproj", "{4D7ACA67-174A-4702-9952-12BCA7D24A79}"
EndProject
Global
	GlobalSection(SolutionConfigurationPlatforms) = preSolution
		Debug|Any CPU = Debug|Any CPU
		Release|Any CPU = Release|Any CPU
	EndGlobalSection
	GlobalSection(ProjectConfigurationPlatforms) = postSolution
		{4D7ACA67-174A-4702-9952-12BCA7D24A79}.Debug|Any CPU.ActiveCfg = Debug|Any CPU
		{4D7ACA67-174A-4702-9952-12BCA7D24A79}.Debug|Any CPU.Build.0 = Debug|Any CPU
		{4D7ACA67-174A-4702-9952-12BCA7D24A79}.Release|Any CPU.ActiveCfg = Release|Any CPU
		{4D7ACA67-174A-4702-9952-12BCA7D24A79}.Release|Any CPU.Build.0 = Release|Any CPU
	EndGlobalSection
	GlobalSection(SolutionProperties) = preSolution
		HideSolutionNode = FALSE
	EndGlobalSection
	GlobalSection(ExtensibilityGlobals) = postSolution
		SolutionGuid = {E8ADAA7D-9143-41F7-8BC2-046BE5B8DAA0}
	EndGlobalSection
EndGlobal
