
Microsoft Visual Studio Solution File, Format Version 12.00
# Visual Studio Version 17
VisualStudioVersion = 17.11.35222.181
MinimumVisualStudioVersion = 10.0.40219.1
Project("{FAE04EC0-301F-11D3-BF4B-00C04F79EFBC}") = "Zapouzdreni_Banka", "Zapouzdreni_Banka\Zapouzdreni_Banka.csproj", "{26FBD518-81B1-493A-BF25-D7EBC237A4E3}"
EndProject
Global
	GlobalSection(SolutionConfigurationPlatforms) = preSolution
		Debug|Any CPU = Debug|Any CPU
		Release|Any CPU = Release|Any CPU
	EndGlobalSection
	GlobalSection(ProjectConfigurationPlatforms) = postSolution
		{26FBD518-81B1-493A-BF25-D7EBC237A4E3}.Debug|Any CPU.ActiveCfg = Debug|Any CPU
		{26FBD518-81B1-493A-BF25-D7EBC237A4E3}.Debug|Any CPU.Build.0 = Debug|Any CPU
		{26FBD518-81B1-493A-BF25-D7EBC237A4E3}.Release|Any CPU.ActiveCfg = Release|Any CPU
		{26FBD518-81B1-493A-BF25-D7EBC237A4E3}.Release|Any CPU.Build.0 = Release|Any CPU
	EndGlobalSection
	GlobalSection(SolutionProperties) = preSolution
		HideSolutionNode = FALSE
	EndGlobalSection
	GlobalSection(ExtensibilityGlobals) = postSolution
		SolutionGuid = {A751AFC1-8306-4F88-B57D-8CAB1CECDC8C}
	EndGlobalSection
EndGlobal
