
Microsoft Visual Studio Solution File, Format Version 12.00
# Visual Studio Version 17
VisualStudioVersion = 17.11.35222.181
MinimumVisualStudioVersion = 10.0.40219.1
Project("{FAE04EC0-301F-11D3-BF4B-00C04F79EFBC}") = "Uvod_OOP_zaklad", "Uvod_OOP_zaklad\Uvod_OOP_zaklad.csproj", "{35E879FF-1EDE-4821-8197-B24E60D47271}"
EndProject
Global
	GlobalSection(SolutionConfigurationPlatforms) = preSolution
		Debug|Any CPU = Debug|Any CPU
		Release|Any CPU = Release|Any CPU
	EndGlobalSection
	GlobalSection(ProjectConfigurationPlatforms) = postSolution
		{35E879FF-1EDE-4821-8197-B24E60D47271}.Debug|Any CPU.ActiveCfg = Debug|Any CPU
		{35E879FF-1EDE-4821-8197-B24E60D47271}.Debug|Any CPU.Build.0 = Debug|Any CPU
		{35E879FF-1EDE-4821-8197-B24E60D47271}.Release|Any CPU.ActiveCfg = Release|Any CPU
		{35E879FF-1EDE-4821-8197-B24E60D47271}.Release|Any CPU.Build.0 = Release|Any CPU
	EndGlobalSection
	GlobalSection(SolutionProperties) = preSolution
		HideSolutionNode = FALSE
	EndGlobalSection
	GlobalSection(ExtensibilityGlobals) = postSolution
		SolutionGuid = {FAA9A9FA-18AA-4AEF-81A6-85980E7103BB}
	EndGlobalSection
EndGlobal
