
Microsoft Visual Studio Solution File, Format Version 12.00
# Visual Studio Version 17
VisualStudioVersion = 17.11.35222.181
MinimumVisualStudioVersion = 10.0.40219.1
Project("{FAE04EC0-301F-11D3-BF4B-00C04F79EFBC}") = "Cyklus_While_Uvod", "Cyklus_While_Uvod\Cyklus_While_Uvod.csproj", "{76A97F95-EA1E-43BE-AD89-C397BB16ADB9}"
EndProject
Global
	GlobalSection(SolutionConfigurationPlatforms) = preSolution
		Debug|Any CPU = Debug|Any CPU
		Release|Any CPU = Release|Any CPU
	EndGlobalSection
	GlobalSection(ProjectConfigurationPlatforms) = postSolution
		{76A97F95-EA1E-43BE-AD89-C397BB16ADB9}.Debug|Any CPU.ActiveCfg = Debug|Any CPU
		{76A97F95-EA1E-43BE-AD89-C397BB16ADB9}.Debug|Any CPU.Build.0 = Debug|Any CPU
		{76A97F95-EA1E-43BE-AD89-C397BB16ADB9}.Release|Any CPU.ActiveCfg = Release|Any CPU
		{76A97F95-EA1E-43BE-AD89-C397BB16ADB9}.Release|Any CPU.Build.0 = Release|Any CPU
	EndGlobalSection
	GlobalSection(SolutionProperties) = preSolution
		HideSolutionNode = FALSE
	EndGlobalSection
	GlobalSection(ExtensibilityGlobals) = postSolution
		SolutionGuid = {8A50778B-191D-443C-BAA2-681F933A2669}
	EndGlobalSection
EndGlobal
