
Microsoft Visual Studio Solution File, Format Version 12.00
# Visual Studio Version 17
VisualStudioVersion = 17.11.35222.181
MinimumVisualStudioVersion = 10.0.40219.1
Project("{FAE04EC0-301F-11D3-BF4B-00C04F79EFBC}") = "Proc_KolikatyJsem", "Proc_KolikatyJsem\Proc_KolikatyJsem.csproj", "{6E0D05FE-9990-424A-89FA-3E5997C69C25}"
EndProject
Global
	GlobalSection(SolutionConfigurationPlatforms) = preSolution
		Debug|Any CPU = Debug|Any CPU
		Release|Any CPU = Release|Any CPU
	EndGlobalSection
	GlobalSection(ProjectConfigurationPlatforms) = postSolution
		{6E0D05FE-9990-424A-89FA-3E5997C69C25}.Debug|Any CPU.ActiveCfg = Debug|Any CPU
		{6E0D05FE-9990-424A-89FA-3E5997C69C25}.Debug|Any CPU.Build.0 = Debug|Any CPU
		{6E0D05FE-9990-424A-89FA-3E5997C69C25}.Release|Any CPU.ActiveCfg = Release|Any CPU
		{6E0D05FE-9990-424A-89FA-3E5997C69C25}.Release|Any CPU.Build.0 = Release|Any CPU
	EndGlobalSection
	GlobalSection(SolutionProperties) = preSolution
		HideSolutionNode = FALSE
	EndGlobalSection
	GlobalSection(ExtensibilityGlobals) = postSolution
		SolutionGuid = {ED7448F2-B4AA-4C78-987B-7D5767EEA6D6}
	EndGlobalSection
EndGlobal
