
Microsoft Visual Studio Solution File, Format Version 12.00
# Visual Studio Version 17
VisualStudioVersion = 17.11.35222.181
MinimumVisualStudioVersion = 10.0.40219.1
Project("{FAE04EC0-301F-11D3-BF4B-00C04F79EFBC}") = "Proc_Pikola", "Proc_Pikola\Proc_Pikola.csproj", "{147613B3-5288-45D7-904D-396F5E3DE91A}"
EndProject
Global
	GlobalSection(SolutionConfigurationPlatforms) = preSolution
		Debug|Any CPU = Debug|Any CPU
		Release|Any CPU = Release|Any CPU
	EndGlobalSection
	GlobalSection(ProjectConfigurationPlatforms) = postSolution
		{147613B3-5288-45D7-904D-396F5E3DE91A}.Debug|Any CPU.ActiveCfg = Debug|Any CPU
		{147613B3-5288-45D7-904D-396F5E3DE91A}.Debug|Any CPU.Build.0 = Debug|Any CPU
		{147613B3-5288-45D7-904D-396F5E3DE91A}.Release|Any CPU.ActiveCfg = Release|Any CPU
		{147613B3-5288-45D7-904D-396F5E3DE91A}.Release|Any CPU.Build.0 = Release|Any CPU
	EndGlobalSection
	GlobalSection(SolutionProperties) = preSolution
		HideSolutionNode = FALSE
	EndGlobalSection
	GlobalSection(ExtensibilityGlobals) = postSolution
		SolutionGuid = {DADBA1FA-902E-4A86-B97C-4A67D09EF53E}
	EndGlobalSection
EndGlobal
