
Microsoft Visual Studio Solution File, Format Version 12.00
# Visual Studio Version 17
VisualStudioVersion = 17.11.35222.181
MinimumVisualStudioVersion = 10.0.40219.1
Project("{FAE04EC0-301F-11D3-BF4B-00C04F79EFBC}") = "Proc_Kresleni", "Proc_Kresleni\Proc_Kresleni.csproj", "{87C7D943-455B-4812-863F-F51ADC7B2EEB}"
EndProject
Global
	GlobalSection(SolutionConfigurationPlatforms) = preSolution
		Debug|Any CPU = Debug|Any CPU
		Release|Any CPU = Release|Any CPU
	EndGlobalSection
	GlobalSection(ProjectConfigurationPlatforms) = postSolution
		{87C7D943-455B-4812-863F-F51ADC7B2EEB}.Debug|Any CPU.ActiveCfg = Debug|Any CPU
		{87C7D943-455B-4812-863F-F51ADC7B2EEB}.Debug|Any CPU.Build.0 = Debug|Any CPU
		{87C7D943-455B-4812-863F-F51ADC7B2EEB}.Release|Any CPU.ActiveCfg = Release|Any CPU
		{87C7D943-455B-4812-863F-F51ADC7B2EEB}.Release|Any CPU.Build.0 = Release|Any CPU
	EndGlobalSection
	GlobalSection(SolutionProperties) = preSolution
		HideSolutionNode = FALSE
	EndGlobalSection
	GlobalSection(ExtensibilityGlobals) = postSolution
		SolutionGuid = {2AB5F2B2-D94A-4AD6-BFEB-3D7BF5930634}
	EndGlobalSection
EndGlobal
