
Microsoft Visual Studio Solution File, Format Version 12.00
# Visual Studio Version 17
VisualStudioVersion = 17.11.35222.181
MinimumVisualStudioVersion = 10.0.40219.1
Project("{FAE04EC0-301F-11D3-BF4B-00C04F79EFBC}") = "Proc_Svah", "Proc_Svah\Proc_Svah.csproj", "{9F09619A-5C30-42CC-BDE8-06B0410F4265}"
EndProject
Global
	GlobalSection(SolutionConfigurationPlatforms) = preSolution
		Debug|Any CPU = Debug|Any CPU
		Release|Any CPU = Release|Any CPU
	EndGlobalSection
	GlobalSection(ProjectConfigurationPlatforms) = postSolution
		{9F09619A-5C30-42CC-BDE8-06B0410F4265}.Debug|Any CPU.ActiveCfg = Debug|Any CPU
		{9F09619A-5C30-42CC-BDE8-06B0410F4265}.Debug|Any CPU.Build.0 = Debug|Any CPU
		{9F09619A-5C30-42CC-BDE8-06B0410F4265}.Release|Any CPU.ActiveCfg = Release|Any CPU
		{9F09619A-5C30-42CC-BDE8-06B0410F4265}.Release|Any CPU.Build.0 = Release|Any CPU
	EndGlobalSection
	GlobalSection(SolutionProperties) = preSolution
		HideSolutionNode = FALSE
	EndGlobalSection
	GlobalSection(ExtensibilityGlobals) = postSolution
		SolutionGuid = {F99D3DE8-4AC4-472E-B60F-DFFBE8A94B72}
	EndGlobalSection
EndGlobal
