
Microsoft Visual Studio Solution File, Format Version 12.00
# Visual Studio Version 17
VisualStudioVersion = 17.11.35222.181
MinimumVisualStudioVersion = 10.0.40219.1
Project("{FAE04EC0-301F-11D3-BF4B-00C04F79EFBC}") = "Uvod_Slovnik", "Uvod_Slovnik\Uvod_Slovnik.csproj", "{D3FD4CE8-F217-4E04-AADA-B73436CA39CA}"
EndProject
Global
	GlobalSection(SolutionConfigurationPlatforms) = preSolution
		Debug|Any CPU = Debug|Any CPU
		Release|Any CPU = Release|Any CPU
	EndGlobalSection
	GlobalSection(ProjectConfigurationPlatforms) = postSolution
		{D3FD4CE8-F217-4E04-AADA-B73436CA39CA}.Debug|Any CPU.ActiveCfg = Debug|Any CPU
		{D3FD4CE8-F217-4E04-AADA-B73436CA39CA}.Debug|Any CPU.Build.0 = Debug|Any CPU
		{D3FD4CE8-F217-4E04-AADA-B73436CA39CA}.Release|Any CPU.ActiveCfg = Release|Any CPU
		{D3FD4CE8-F217-4E04-AADA-B73436CA39CA}.Release|Any CPU.Build.0 = Release|Any CPU
	EndGlobalSection
	GlobalSection(SolutionProperties) = preSolution
		HideSolutionNode = FALSE
	EndGlobalSection
	GlobalSection(ExtensibilityGlobals) = postSolution
		SolutionGuid = {C73F3452-4C40-4D68-9921-4D237D7570A9}
	EndGlobalSection
EndGlobal
