
Microsoft Visual Studio Solution File, Format Version 12.00
# Visual Studio Version 17
VisualStudioVersion = 17.11.35222.181
MinimumVisualStudioVersion = 10.0.40219.1
Project("{FAE04EC0-301F-11D3-BF4B-00C04F79EFBC}") = "Soubor_Cteni_Zapis", "Soubor_Cteni_Zapis\Soubor_Cteni_Zapis.csproj", "{AE9DE043-2A96-4040-92F1-933CA7FFB45D}"
EndProject
Global
	GlobalSection(SolutionConfigurationPlatforms) = preSolution
		Debug|Any CPU = Debug|Any CPU
		Release|Any CPU = Release|Any CPU
	EndGlobalSection
	GlobalSection(ProjectConfigurationPlatforms) = postSolution
		{AE9DE043-2A96-4040-92F1-933CA7FFB45D}.Debug|Any CPU.ActiveCfg = Debug|Any CPU
		{AE9DE043-2A96-4040-92F1-933CA7FFB45D}.Debug|Any CPU.Build.0 = Debug|Any CPU
		{AE9DE043-2A96-4040-92F1-933CA7FFB45D}.Release|Any CPU.ActiveCfg = Release|Any CPU
		{AE9DE043-2A96-4040-92F1-933CA7FFB45D}.Release|Any CPU.Build.0 = Release|Any CPU
	EndGlobalSection
	GlobalSection(SolutionProperties) = preSolution
		HideSolutionNode = FALSE
	EndGlobalSection
	GlobalSection(ExtensibilityGlobals) = postSolution
		SolutionGuid = {223713FB-5DB7-46F1-A183-CE2BE508515C}
	EndGlobalSection
EndGlobal
