
Microsoft Visual Studio Solution File, Format Version 12.00
# Visual Studio Version 17
VisualStudioVersion = 17.11.35222.181
MinimumVisualStudioVersion = 10.0.40219.1
Project("{FAE04EC0-301F-11D3-BF4B-00C04F79EFBC}") = "Abstrakce_uvod", "Abstrakce_uvod\Abstrakce_uvod.csproj", "{689B5E1F-6360-4DEA-AFD9-3F92D42F6B26}"
EndProject
Global
	GlobalSection(SolutionConfigurationPlatforms) = preSolution
		Debug|Any CPU = Debug|Any CPU
		Release|Any CPU = Release|Any CPU
	EndGlobalSection
	GlobalSection(ProjectConfigurationPlatforms) = postSolution
		{689B5E1F-6360-4DEA-AFD9-3F92D42F6B26}.Debug|Any CPU.ActiveCfg = Debug|Any CPU
		{689B5E1F-6360-4DEA-AFD9-3F92D42F6B26}.Debug|Any CPU.Build.0 = Debug|Any CPU
		{689B5E1F-6360-4DEA-AFD9-3F92D42F6B26}.Release|Any CPU.ActiveCfg = Release|Any CPU
		{689B5E1F-6360-4DEA-AFD9-3F92D42F6B26}.Release|Any CPU.Build.0 = Release|Any CPU
	EndGlobalSection
	GlobalSection(SolutionProperties) = preSolution
		HideSolutionNode = FALSE
	EndGlobalSection
	GlobalSection(ExtensibilityGlobals) = postSolution
		SolutionGuid = {4BEFB385-C034-46F1-9C06-EB1248D34390}
	EndGlobalSection
EndGlobal
